{
  "name": "tea_by_zlkcyber",
  "version": "1.0.3",
  "lockfileVersion": 3,
  "requires": true,
  "packages": {
    "": {
      "name": "tea_by_zlkcyber",
      "version": "1.0.3",
      "license": "ISC",
      "dependencies": {
        "tea_by_zlkcyber": "^1.0.3"
      },
      "devDependencies": {}
    },
    "node_modules/tea_by_zlkcyber": {
      "version": "1.0.3",
      "resolved": "https://registry.npmjs.org/tea_by_zlkcyber/-/tea_by_zlkcyber-1.0.3.tgz",
      "integrity": "sha512-x4nsUvHpKyOTD6ByxkXYtLCH9dQRuv4EnVPlMLsccZ+cwMfKMbgzPUmaixgJLPPeIer0V/5uxjd5l4O9e5IJ5A==",
      "dependencies": {
        "tea_by_zlkcyber": "^1.0.0"
      }
    }
  }
}
