{
  "name": "tea_by_zlkcyber",
  "version": "1.0.5",
  "lockfileVersion": 3,
  "requires": true,
  "packages": {
    "": {
      "name": "tea_by_zlkcyber",
      "version": "1.0.5",
      "license": "MIT",
      "dependencies": {
        "paswordpublish": "^0.0.0",
        "tea_by_zlkcyber": "^1.0.3"
      },
      "devDependencies": {}
    },
    "node_modules/@angular/animations": {
      "version": "13.1.3",
      "resolved": "https://registry.npmjs.org/@angular/animations/-/animations-13.1.3.tgz",
      "integrity": "sha512-OwsVQsNHubIgRcxnjti4CU3QJnqd7Z2b+2iu3M349Oxyqxz4DNCqKXalDuJZt/b0yNfirvYO3kCgBfj4PF43QQ==",
      "dependencies": {
        "tslib": "^2.3.0"
      },
      "engines": {
        "node": "^12.20.0 || ^14.15.0 || >=16.10.0"
      },
      "peerDependencies": {
        "@angular/core": "13.1.3"
      }
    },
    "node_modules/@angular/common": {
      "version": "13.1.3",
      "resolved": "https://registry.npmjs.org/@angular/common/-/common-13.1.3.tgz",
      "integrity": "sha512-8qf5syeXUogf3+GSu6IRJjrk46UKh9L0QuLx+OSIl/df0y1ewx7e28q3BAUEEnOnKrLzpPNxWs2iwModc4KYfg==",
      "dependencies": {
        "tslib": "^2.3.0"
      },
      "engines": {
        "node": "^12.20.0 || ^14.15.0 || >=16.10.0"
      },
      "peerDependencies": {
        "@angular/core": "13.1.3",
        "rxjs": "^6.5.3 || ^7.4.0"
      }
    },
    "node_modules/@angular/compiler": {
      "version": "13.1.3",
      "resolved": "https://registry.npmjs.org/@angular/compiler/-/compiler-13.1.3.tgz",
      "integrity": "sha512-dbHs/Oa+Dn+7i0jKtlVDE0lD0DaUC+lVzAcTK/zS37LrckrTMn1CA+z9bZ4gpHig9RU0wgV3YORxv0wokyiB8A==",
      "dependencies": {
        "tslib": "^2.3.0"
      },
      "engines": {
        "node": "^12.20.0 || ^14.15.0 || >=16.10.0"
      }
    },
    "node_modules/@angular/core": {
      "version": "13.1.3",
      "resolved": "https://registry.npmjs.org/@angular/core/-/core-13.1.3.tgz",
      "integrity": "sha512-rvCnIAonRx7VnH2Mv9lQR+UYdlFQQetZCjPw8QOswOspEpHpEPDrp1HxDIqJnHxNqW0n8J3Zev/VgQYr0481UA==",
      "dependencies": {
        "tslib": "^2.3.0"
      },
      "engines": {
        "node": "^12.20.0 || ^14.15.0 || >=16.10.0"
      },
      "peerDependencies": {
        "rxjs": "^6.5.3 || ^7.4.0",
        "zone.js": "~0.11.4"
      }
    },
    "node_modules/@angular/forms": {
      "version": "13.1.3",
      "resolved": "https://registry.npmjs.org/@angular/forms/-/forms-13.1.3.tgz",
      "integrity": "sha512-c4N9zZSILyEbomY2CJo1WAMxiHu/qlycvzxKH5NFS2P2+fieORlbKUJ2p1CbYqcIxVnLYRSdWH8f1JpoaG0ETw==",
      "dependencies": {
        "tslib": "^2.3.0"
      },
      "engines": {
        "node": "^12.20.0 || ^14.15.0 || >=16.10.0"
      },
      "peerDependencies": {
        "@angular/common": "13.1.3",
        "@angular/core": "13.1.3",
        "@angular/platform-browser": "13.1.3",
        "rxjs": "^6.5.3 || ^7.4.0"
      }
    },
    "node_modules/@angular/platform-browser": {
      "version": "13.1.3",
      "resolved": "https://registry.npmjs.org/@angular/platform-browser/-/platform-browser-13.1.3.tgz",
      "integrity": "sha512-mnWjdr9UTNZvGk8jPI6O9FIhun8Q/0ghy3dg3I9AfRzEG4vPiIZW1ICksTiB+jV9etzhKpidtmg71bwgeXax1A==",
      "dependencies": {
        "tslib": "^2.3.0"
      },
      "engines": {
        "node": "^12.20.0 || ^14.15.0 || >=16.10.0"
      },
      "peerDependencies": {
        "@angular/animations": "13.1.3",
        "@angular/common": "13.1.3",
        "@angular/core": "13.1.3"
      },
      "peerDependenciesMeta": {
        "@angular/animations": {
          "optional": true
        }
      }
    },
    "node_modules/@angular/platform-browser-dynamic": {
      "version": "13.1.3",
      "resolved": "https://registry.npmjs.org/@angular/platform-browser-dynamic/-/platform-browser-dynamic-13.1.3.tgz",
      "integrity": "sha512-vEWyJ+2gkwh2N6KOJfxUNSdSO51ROlzCqqzCfHrPYQrlOFUfKsYKA1uoiB5UGfFEU0HBtIRWn6xoUy3wzVOZbw==",
      "dependencies": {
        "tslib": "^2.3.0"
      },
      "engines": {
        "node": "^12.20.0 || ^14.15.0 || >=16.10.0"
      },
      "peerDependencies": {
        "@angular/common": "13.1.3",
        "@angular/compiler": "13.1.3",
        "@angular/core": "13.1.3",
        "@angular/platform-browser": "13.1.3"
      }
    },
    "node_modules/@angular/router": {
      "version": "13.1.3",
      "resolved": "https://registry.npmjs.org/@angular/router/-/router-13.1.3.tgz",
      "integrity": "sha512-L86kARlc5UNi5KeI0O8PO7wFbTzjEI8ouz+z+aNmCnMUUNX0rbvbuXiPdDvLc71nKZznsPCl2IuO8ojyHrSPsQ==",
      "dependencies": {
        "tslib": "^2.3.0"
      },
      "engines": {
        "node": "^12.20.0 || ^14.15.0 || >=16.10.0"
      },
      "peerDependencies": {
        "@angular/common": "13.1.3",
        "@angular/core": "13.1.3",
        "@angular/platform-browser": "13.1.3",
        "rxjs": "^6.5.3 || ^7.4.0"
      }
    },
    "node_modules/paswordpublish": {
      "version": "0.0.0",
      "resolved": "https://registry.npmjs.org/paswordpublish/-/paswordpublish-0.0.0.tgz",
      "integrity": "sha512-US/q7iajwG5l8zT3tYdw+E626qKyZFTcmSjLowLrDNevr8t1yPaiiOal7VcGpwRUCaWTvBpxQv2APq0dq5jgog==",
      "dependencies": {
        "@angular/animations": "~13.1.0",
        "@angular/common": "~13.1.0",
        "@angular/compiler": "~13.1.0",
        "@angular/core": "~13.1.0",
        "@angular/forms": "~13.1.0",
        "@angular/platform-browser": "~13.1.0",
        "@angular/platform-browser-dynamic": "~13.1.0",
        "@angular/router": "~13.1.0",
        "rxjs": "~7.4.0",
        "tslib": "^2.3.0",
        "zone.js": "~0.11.4"
      }
    },
    "node_modules/rxjs": {
      "version": "7.4.0",
      "resolved": "https://registry.npmjs.org/rxjs/-/rxjs-7.4.0.tgz",
      "integrity": "sha512-7SQDi7xeTMCJpqViXh8gL/lebcwlp3d831F05+9B44A4B0WfsEwUQHR64gsH1kvJ+Ep/J9K2+n1hVl1CsGN23w==",
      "dependencies": {
        "tslib": "~2.1.0"
      }
    },
    "node_modules/rxjs/node_modules/tslib": {
      "version": "2.1.0",
      "resolved": "https://registry.npmjs.org/tslib/-/tslib-2.1.0.tgz",
      "integrity": "sha512-hcVC3wYEziELGGmEEXue7D75zbwIIVUMWAVbHItGPx0ziyXxrOMQx4rQEVEV45Ut/1IotuEvwqPopzIOkDMf0A=="
    },
    "node_modules/tea_by_zlkcyber": {
      "version": "1.0.3",
      "resolved": "https://registry.npmjs.org/tea_by_zlkcyber/-/tea_by_zlkcyber-1.0.3.tgz",
      "integrity": "sha512-x4nsUvHpKyOTD6ByxkXYtLCH9dQRuv4EnVPlMLsccZ+cwMfKMbgzPUmaixgJLPPeIer0V/5uxjd5l4O9e5IJ5A==",
      "dependencies": {
        "tea_by_zlkcyber": "^1.0.0"
      }
    },
    "node_modules/tslib": {
      "version": "2.6.2",
      "resolved": "https://registry.npmjs.org/tslib/-/tslib-2.6.2.tgz",
      "integrity": "sha512-AEYxH93jGFPn/a2iVAwW87VuUIkR1FVUKB77NwMF7nBTDkDrrT/Hpt/IrCJ0QXhW27jTBDcf5ZY7w6RiqTMw2Q=="
    },
    "node_modules/zone.js": {
      "version": "0.11.8",
      "resolved": "https://registry.npmjs.org/zone.js/-/zone.js-0.11.8.tgz",
      "integrity": "sha512-82bctBg2hKcEJ21humWIkXRlLBBmrc3nN7DFh5LGGhcyycO2S7FN8NmdvlcKaGFDNVL4/9kFLmwmInTavdJERA==",
      "dependencies": {
        "tslib": "^2.3.0"
      }
    }
  }
}
